
Microsoft Visual Studio Solution File, Format Version 10.00
# Visual Studio 2008
Project("{FAE04EC0-301F-11D3-BF4B-00C04F79EFBC}") = "DataProvider", "Data\DataProvider\DataProvider.csproj", "{3AC1F9C7-7FB0-435F-8866-569DC785CFCD}"
EndProject
Project("{2150E333-8FDC-42A3-9474-1A3956D46DE8}") = "Data", "Data", "{834EE6E1-28AA-40BE-B280-7D49206D2C5E}"
EndProject
Project("{2150E333-8FDC-42A3-9474-1A3956D46DE8}") = "Library", "Library", "{6A04F5C3-B516-4168-8DA0-C2BB9B68F932}"
EndProject
Project("{2150E333-8FDC-42A3-9474-1A3956D46DE8}") = "Business Logic", "Business Logic", "{EDB1DA26-AA8C-4976-A121-A9B9E61E6B30}"
EndProject
Project("{2150E333-8FDC-42A3-9474-1A3956D46DE8}") = "UI", "UI", "{792D63EF-ADC0-4EEC-958E-75F15C471AF1}"
EndProject
Project("{FAE04EC0-301F-11D3-BF4B-00C04F79EFBC}") = "Console", "UI\Console\Console.csproj", "{1841AB42-1477-4157-B747-595AD30CC14D}"
EndProject
Project("{FAE04EC0-301F-11D3-BF4B-00C04F79EFBC}") = "Web", "UI\Web\Web.csproj", "{57A69299-C8DF-4FD1-B407-E25FCC78376A}"
EndProject
Project("{2150E333-8FDC-42A3-9474-1A3956D46DE8}") = "Test", "Test", "{C0FB2C8D-9FE1-48E4-8B83-7CF8CEB90E8B}"
EndProject
Project("{2150E333-8FDC-42A3-9474-1A3956D46DE8}") = "Unit", "Unit", "{D86DF975-054A-4CF5-A11E-8A52F83B22C3}"
EndProject
Project("{2150E333-8FDC-42A3-9474-1A3956D46DE8}") = "Integration", "Integration", "{2AFD940D-3792-4E0A-B1F4-C86EC38D0E15}"
EndProject
Project("{FAE04EC0-301F-11D3-BF4B-00C04F79EFBC}") = "Retail", "Retail\Retail.csproj", "{2DD53ADE-FECC-4795-BE13-32474BF63D85}"
EndProject
Project("{FAE04EC0-301F-11D3-BF4B-00C04F79EFBC}") = "RetailManagerTest", "RetailManagerTest\RetailManagerTest.csproj", "{3336DC4A-98E8-4D2C-BED4-3979633612FF}"
EndProject
Global
	GlobalSection(SolutionConfigurationPlatforms) = preSolution
		Debug|Any CPU = Debug|Any CPU
		Release|Any CPU = Release|Any CPU
	EndGlobalSection
	GlobalSection(ProjectConfigurationPlatforms) = postSolution
		{3AC1F9C7-7FB0-435F-8866-569DC785CFCD}.Debug|Any CPU.ActiveCfg = Debug|Any CPU
		{3AC1F9C7-7FB0-435F-8866-569DC785CFCD}.Debug|Any CPU.Build.0 = Debug|Any CPU
		{3AC1F9C7-7FB0-435F-8866-569DC785CFCD}.Release|Any CPU.ActiveCfg = Release|Any CPU
		{3AC1F9C7-7FB0-435F-8866-569DC785CFCD}.Release|Any CPU.Build.0 = Release|Any CPU
		{1841AB42-1477-4157-B747-595AD30CC14D}.Debug|Any CPU.ActiveCfg = Debug|Any CPU
		{1841AB42-1477-4157-B747-595AD30CC14D}.Debug|Any CPU.Build.0 = Debug|Any CPU
		{1841AB42-1477-4157-B747-595AD30CC14D}.Release|Any CPU.ActiveCfg = Release|Any CPU
		{1841AB42-1477-4157-B747-595AD30CC14D}.Release|Any CPU.Build.0 = Release|Any CPU
		{57A69299-C8DF-4FD1-B407-E25FCC78376A}.Debug|Any CPU.ActiveCfg = Debug|Any CPU
		{57A69299-C8DF-4FD1-B407-E25FCC78376A}.Debug|Any CPU.Build.0 = Debug|Any CPU
		{57A69299-C8DF-4FD1-B407-E25FCC78376A}.Release|Any CPU.ActiveCfg = Release|Any CPU
		{57A69299-C8DF-4FD1-B407-E25FCC78376A}.Release|Any CPU.Build.0 = Release|Any CPU
		{2DD53ADE-FECC-4795-BE13-32474BF63D85}.Debug|Any CPU.ActiveCfg = Debug|Any CPU
		{2DD53ADE-FECC-4795-BE13-32474BF63D85}.Debug|Any CPU.Build.0 = Debug|Any CPU
		{2DD53ADE-FECC-4795-BE13-32474BF63D85}.Release|Any CPU.ActiveCfg = Release|Any CPU
		{2DD53ADE-FECC-4795-BE13-32474BF63D85}.Release|Any CPU.Build.0 = Release|Any CPU
		{3336DC4A-98E8-4D2C-BED4-3979633612FF}.Debug|Any CPU.ActiveCfg = Debug|Any CPU
		{3336DC4A-98E8-4D2C-BED4-3979633612FF}.Debug|Any CPU.Build.0 = Debug|Any CPU
		{3336DC4A-98E8-4D2C-BED4-3979633612FF}.Release|Any CPU.ActiveCfg = Release|Any CPU
		{3336DC4A-98E8-4D2C-BED4-3979633612FF}.Release|Any CPU.Build.0 = Release|Any CPU
	EndGlobalSection
	GlobalSection(SolutionProperties) = preSolution
		HideSolutionNode = FALSE
	EndGlobalSection
	GlobalSection(NestedProjects) = preSolution
		{3AC1F9C7-7FB0-435F-8866-569DC785CFCD} = {834EE6E1-28AA-40BE-B280-7D49206D2C5E}
		{2DD53ADE-FECC-4795-BE13-32474BF63D85} = {EDB1DA26-AA8C-4976-A121-A9B9E61E6B30}
		{1841AB42-1477-4157-B747-595AD30CC14D} = {792D63EF-ADC0-4EEC-958E-75F15C471AF1}
		{57A69299-C8DF-4FD1-B407-E25FCC78376A} = {792D63EF-ADC0-4EEC-958E-75F15C471AF1}
		{D86DF975-054A-4CF5-A11E-8A52F83B22C3} = {C0FB2C8D-9FE1-48E4-8B83-7CF8CEB90E8B}
		{2AFD940D-3792-4E0A-B1F4-C86EC38D0E15} = {C0FB2C8D-9FE1-48E4-8B83-7CF8CEB90E8B}
		{3336DC4A-98E8-4D2C-BED4-3979633612FF} = {D86DF975-054A-4CF5-A11E-8A52F83B22C3}
	EndGlobalSection
EndGlobal
